
Microsoft Visual Studio Solution File, Format Version 12.00
# Visual Studio Version 17
VisualStudioVersion = 17.11.35222.181
MinimumVisualStudioVersion = 10.0.40219.1
Project("{FAE04EC0-301F-11D3-BF4B-00C04F79EFBC}") = "CalculatorTest", "CalculatorTest\CalculatorTest.csproj", "{AA06B5FB-2B10-4EA0-BB04-56404E4EC446}"
EndProject
Project("{9A19103F-16F7-4668-BE54-9A1E7A4F7556}") = "Class Library", "..\..\Касько_лаб8\Class Library\Class Library\Class Library.csproj", "{CE04148D-9C8D-4D8F-8783-F8114FDDFCD2}"
EndProject
Global
	GlobalSection(SolutionConfigurationPlatforms) = preSolution
		Debug|Any CPU = Debug|Any CPU
		Release|Any CPU = Release|Any CPU
	EndGlobalSection
	GlobalSection(ProjectConfigurationPlatforms) = postSolution
		{AA06B5FB-2B10-4EA0-BB04-56404E4EC446}.Debug|Any CPU.ActiveCfg = Debug|Any CPU
		{AA06B5FB-2B10-4EA0-BB04-56404E4EC446}.Debug|Any CPU.Build.0 = Debug|Any CPU
		{AA06B5FB-2B10-4EA0-BB04-56404E4EC446}.Release|Any CPU.ActiveCfg = Release|Any CPU
		{AA06B5FB-2B10-4EA0-BB04-56404E4EC446}.Release|Any CPU.Build.0 = Release|Any CPU
		{CE04148D-9C8D-4D8F-8783-F8114FDDFCD2}.Debug|Any CPU.ActiveCfg = Debug|Any CPU
		{CE04148D-9C8D-4D8F-8783-F8114FDDFCD2}.Debug|Any CPU.Build.0 = Debug|Any CPU
		{CE04148D-9C8D-4D8F-8783-F8114FDDFCD2}.Release|Any CPU.ActiveCfg = Release|Any CPU
		{CE04148D-9C8D-4D8F-8783-F8114FDDFCD2}.Release|Any CPU.Build.0 = Release|Any CPU
	EndGlobalSection
	GlobalSection(SolutionProperties) = preSolution
		HideSolutionNode = FALSE
	EndGlobalSection
	GlobalSection(ExtensibilityGlobals) = postSolution
		SolutionGuid = {D0467D09-8A66-49AE-AAAD-0DA1EEC28F42}
	EndGlobalSection
EndGlobal
